<?xml version="1.0" encoding="UTF-8"?>
<CodeBlocks_project_file>
	<FileVersion major="1" minor="6"/>
	<Project>
		<Option title="HuffmanApp"/>
		<Option makefile_is_custom="1"/>
		<Option compiler="gcc"/>
		<Option virtualFolders="CMake Files\;"/>
		<Build>
			<Target title="all">
				<Option working_dir="D:/QTProjects/C++/Task4/HuffmanApp"/>
				<Option type="4"/>
				<MakeCommands>
					<Build command="C:/Qt/Qt5.5.1/Tools/mingw492_32/bin/mingw32-make.exe -f &quot;D:/QTProjects/C++/Task4/HuffmanApp/Makefile&quot;  VERBOSE=1 all"/>
					<CompileFile command="C:/Qt/Qt5.5.1/Tools/mingw492_32/bin/mingw32-make.exe -f &quot;D:/QTProjects/C++/Task4/HuffmanApp/Makefile&quot;  VERBOSE=1 &quot;$file&quot;"/>
					<Clean command="C:/Qt/Qt5.5.1/Tools/mingw492_32/bin/mingw32-make.exe -f &quot;D:/QTProjects/C++/Task4/HuffmanApp/Makefile&quot;  VERBOSE=1 clean"/>
					<DistClean command="C:/Qt/Qt5.5.1/Tools/mingw492_32/bin/mingw32-make.exe -f &quot;D:/QTProjects/C++/Task4/HuffmanApp/Makefile&quot;  VERBOSE=1 clean"/>
				</MakeCommands>
			</Target>
			<Target title="HuffmanApp">
				<Option output="D:/QTProjects/C++/Task4/HuffmanApp/HuffmanApp.exe" prefix_auto="0" extension_auto="0"/>
				<Option working_dir="D:/QTProjects/C++/Task4/HuffmanApp"/>
				<Option object_output="./"/>
				<Option type="1"/>
				<Option compiler="gcc"/>
				<Compiler>
					<Add directory="D:/QTProjects/C++/Task4/HuffmanApp"/>
					<Add directory="C:/Qt/Qt5.5.1/Tools/mingw492_32/bin/../lib/gcc/x86_64-w64-mingw32/6.3.0/include"/>
					<Add directory="C:/Qt/Qt5.5.1/Tools/mingw492_32/bin/../lib/gcc/x86_64-w64-mingw32/6.3.0/include-fixed"/>
					<Add directory="C:/Qt/Qt5.5.1/Tools/mingw492_32/bin/../lib/gcc/x86_64-w64-mingw32/6.3.0/../../../../x86_64-w64-mingw32/include"/>
					<Add directory="C:/Qt/Qt5.5.1/Tools/mingw492_32/bin/../lib/gcc/x86_64-w64-mingw32/6.3.0/include/c++"/>
					<Add directory="C:/Qt/Qt5.5.1/Tools/mingw492_32/bin/../lib/gcc/x86_64-w64-mingw32/6.3.0/include/c++/x86_64-w64-mingw32"/>
					<Add directory="C:/Qt/Qt5.5.1/Tools/mingw492_32/bin/../lib/gcc/x86_64-w64-mingw32/6.3.0/include/c++/backward"/>
				</Compiler>
				<MakeCommands>
					<Build command="C:/Qt/Qt5.5.1/Tools/mingw492_32/bin/mingw32-make.exe -f &quot;D:/QTProjects/C++/Task4/HuffmanApp/Makefile&quot;  VERBOSE=1 HuffmanApp"/>
					<CompileFile command="C:/Qt/Qt5.5.1/Tools/mingw492_32/bin/mingw32-make.exe -f &quot;D:/QTProjects/C++/Task4/HuffmanApp/Makefile&quot;  VERBOSE=1 &quot;$file&quot;"/>
					<Clean command="C:/Qt/Qt5.5.1/Tools/mingw492_32/bin/mingw32-make.exe -f &quot;D:/QTProjects/C++/Task4/HuffmanApp/Makefile&quot;  VERBOSE=1 clean"/>
					<DistClean command="C:/Qt/Qt5.5.1/Tools/mingw492_32/bin/mingw32-make.exe -f &quot;D:/QTProjects/C++/Task4/HuffmanApp/Makefile&quot;  VERBOSE=1 clean"/>
				</MakeCommands>
			</Target>
			<Target title="HuffmanApp/fast">
				<Option output="D:/QTProjects/C++/Task4/HuffmanApp/HuffmanApp.exe" prefix_auto="0" extension_auto="0"/>
				<Option working_dir="D:/QTProjects/C++/Task4/HuffmanApp"/>
				<Option object_output="./"/>
				<Option type="1"/>
				<Option compiler="gcc"/>
				<Compiler>
					<Add directory="D:/QTProjects/C++/Task4/HuffmanApp"/>
					<Add directory="C:/Qt/Qt5.5.1/Tools/mingw492_32/bin/../lib/gcc/x86_64-w64-mingw32/6.3.0/include"/>
					<Add directory="C:/Qt/Qt5.5.1/Tools/mingw492_32/bin/../lib/gcc/x86_64-w64-mingw32/6.3.0/include-fixed"/>
					<Add directory="C:/Qt/Qt5.5.1/Tools/mingw492_32/bin/../lib/gcc/x86_64-w64-mingw32/6.3.0/../../../../x86_64-w64-mingw32/include"/>
					<Add directory="C:/Qt/Qt5.5.1/Tools/mingw492_32/bin/../lib/gcc/x86_64-w64-mingw32/6.3.0/include/c++"/>
					<Add directory="C:/Qt/Qt5.5.1/Tools/mingw492_32/bin/../lib/gcc/x86_64-w64-mingw32/6.3.0/include/c++/x86_64-w64-mingw32"/>
					<Add directory="C:/Qt/Qt5.5.1/Tools/mingw492_32/bin/../lib/gcc/x86_64-w64-mingw32/6.3.0/include/c++/backward"/>
				</Compiler>
				<MakeCommands>
					<Build command="C:/Qt/Qt5.5.1/Tools/mingw492_32/bin/mingw32-make.exe -f &quot;D:/QTProjects/C++/Task4/HuffmanApp/Makefile&quot;  VERBOSE=1 HuffmanApp/fast"/>
					<CompileFile command="C:/Qt/Qt5.5.1/Tools/mingw492_32/bin/mingw32-make.exe -f &quot;D:/QTProjects/C++/Task4/HuffmanApp/Makefile&quot;  VERBOSE=1 &quot;$file&quot;"/>
					<Clean command="C:/Qt/Qt5.5.1/Tools/mingw492_32/bin/mingw32-make.exe -f &quot;D:/QTProjects/C++/Task4/HuffmanApp/Makefile&quot;  VERBOSE=1 clean"/>
					<DistClean command="C:/Qt/Qt5.5.1/Tools/mingw492_32/bin/mingw32-make.exe -f &quot;D:/QTProjects/C++/Task4/HuffmanApp/Makefile&quot;  VERBOSE=1 clean"/>
				</MakeCommands>
			</Target>
			<Target title="edit_cache">
				<Option working_dir="D:/QTProjects/C++/Task4/HuffmanApp"/>
				<Option type="4"/>
				<MakeCommands>
					<Build command="C:/Qt/Qt5.5.1/Tools/mingw492_32/bin/mingw32-make.exe -f &quot;D:/QTProjects/C++/Task4/HuffmanApp/Makefile&quot;  VERBOSE=1 edit_cache"/>
					<CompileFile command="C:/Qt/Qt5.5.1/Tools/mingw492_32/bin/mingw32-make.exe -f &quot;D:/QTProjects/C++/Task4/HuffmanApp/Makefile&quot;  VERBOSE=1 &quot;$file&quot;"/>
					<Clean command="C:/Qt/Qt5.5.1/Tools/mingw492_32/bin/mingw32-make.exe -f &quot;D:/QTProjects/C++/Task4/HuffmanApp/Makefile&quot;  VERBOSE=1 clean"/>
					<DistClean command="C:/Qt/Qt5.5.1/Tools/mingw492_32/bin/mingw32-make.exe -f &quot;D:/QTProjects/C++/Task4/HuffmanApp/Makefile&quot;  VERBOSE=1 clean"/>
				</MakeCommands>
			</Target>
			<Target title="rebuild_cache">
				<Option working_dir="D:/QTProjects/C++/Task4/HuffmanApp"/>
				<Option type="4"/>
				<MakeCommands>
					<Build command="C:/Qt/Qt5.5.1/Tools/mingw492_32/bin/mingw32-make.exe -f &quot;D:/QTProjects/C++/Task4/HuffmanApp/Makefile&quot;  VERBOSE=1 rebuild_cache"/>
					<CompileFile command="C:/Qt/Qt5.5.1/Tools/mingw492_32/bin/mingw32-make.exe -f &quot;D:/QTProjects/C++/Task4/HuffmanApp/Makefile&quot;  VERBOSE=1 &quot;$file&quot;"/>
					<Clean command="C:/Qt/Qt5.5.1/Tools/mingw492_32/bin/mingw32-make.exe -f &quot;D:/QTProjects/C++/Task4/HuffmanApp/Makefile&quot;  VERBOSE=1 clean"/>
					<DistClean command="C:/Qt/Qt5.5.1/Tools/mingw492_32/bin/mingw32-make.exe -f &quot;D:/QTProjects/C++/Task4/HuffmanApp/Makefile&quot;  VERBOSE=1 clean"/>
				</MakeCommands>
			</Target>
		</Build>
		<Unit filename="D:/QTProjects/C++/Task4/HuffmanApp/huffman.cpp">
			<Option target="HuffmanApp"/>
		</Unit>
		<Unit filename="D:/QTProjects/C++/Task4/HuffmanApp/huffman.h">
			<Option target="HuffmanApp"/>
		</Unit>
		<Unit filename="D:/QTProjects/C++/Task4/HuffmanApp/main.cpp">
			<Option target="HuffmanApp"/>
		</Unit>
		<Unit filename="D:/QTProjects/C++/Task4/HuffmanApp/CMakeLists.txt">
			<Option virtualFolder="CMake Files\"/>
		</Unit>
	</Project>
</CodeBlocks_project_file>
